// !$*UTF8*$!
{
	archiveVersion = 1;
	classes = {
	};
	objectVersion = 50;
	objects = {

/* Begin PBXBuildFile section */
		63F67C69255B8C8800AA2A61 /* AppDelegate.swift in Sources */ = {isa = PBXBuildFile; fileRef = 63F67C68255B8C8800AA2A61 /* AppDelegate.swift */; };
		63F67C6B255B8C8B00AA2A61 /* Assets.xcassets in Resources */ = {isa = PBXBuildFile; fileRef = 63F67C6A255B8C8B00AA2A61 /* Assets.xcassets */; };
		63F67C6E255B8C8B00AA2A61 /* MainMenu.xib in Resources */ = {isa = PBXBuildFile; fileRef = 63F67C6C255B8C8B00AA2A61 /* MainMenu.xib */; };
		63F67C7A255B8C8B00AA2A61 /* SourceListExampleFromNibTests.swift in Sources */ = {isa = PBXBuildFile; fileRef = 63F67C79255B8C8B00AA2A61 /* SourceListExampleFromNibTests.swift */; };
		63F67C85255B8C8B00AA2A61 /* SourceListExampleFromNibUITests.swift in Sources */ = {isa = PBXBuildFile; fileRef = 63F67C84255B8C8B00AA2A61 /* SourceListExampleFromNibUITests.swift */; };
/* End PBXBuildFile section */

/* Begin PBXContainerItemProxy section */
		63F67C76255B8C8B00AA2A61 /* PBXContainerItemProxy */ = {
			isa = PBXContainerItemProxy;
			containerPortal = 63F67C5D255B8C8800AA2A61 /* Project object */;
			proxyType = 1;
			remoteGlobalIDString = 63F67C64255B8C8800AA2A61;
			remoteInfo = SourceListExampleFromNib;
		};
		63F67C81255B8C8B00AA2A61 /* PBXContainerItemProxy */ = {
			isa = PBXContainerItemProxy;
			containerPortal = 63F67C5D255B8C8800AA2A61 /* Project object */;
			proxyType = 1;
			remoteGlobalIDString = 63F67C64255B8C8800AA2A61;
			remoteInfo = SourceListExampleFromNib;
		};
/* End PBXContainerItemProxy section */

/* Begin PBXFileReference section */
		63F67C65255B8C8800AA2A61 /* SourceListExampleFromNib.app */ = {isa = PBXFileReference; explicitFileType = wrapper.application; includeInIndex = 0; path = SourceListExampleFromNib.app; sourceTree = BUILT_PRODUCTS_DIR; };
		63F67C68255B8C8800AA2A61 /* AppDelegate.swift */ = {isa = PBXFileReference; lastKnownFileType = sourcecode.swift; path = AppDelegate.swift; sourceTree = "<group>"; };
		63F67C6A255B8C8B00AA2A61 /* Assets.xcassets */ = {isa = PBXFileReference; lastKnownFileType = folder.assetcatalog; path = Assets.xcassets; sourceTree = "<group>"; };
		63F67C6D255B8C8B00AA2A61 /* Base */ = {isa = PBXFileReference; lastKnownFileType = file.xib; name = Base; path = Base.lproj/MainMenu.xib; sourceTree = "<group>"; };
		63F67C6F255B8C8B00AA2A61 /* Info.plist */ = {isa = PBXFileReference; lastKnownFileType = text.plist.xml; path = Info.plist; sourceTree = "<group>"; };
		63F67C70255B8C8B00AA2A61 /* SourceListExampleFromNib.entitlements */ = {isa = PBXFileReference; lastKnownFileType = text.plist.entitlements; path = SourceListExampleFromNib.entitlements; sourceTree = "<group>"; };
		63F67C75255B8C8B00AA2A61 /* SourceListExampleFromNibTests.xctest */ = {isa = PBXFileReference; explicitFileType = wrapper.cfbundle; includeInIndex = 0; path = SourceListExampleFromNibTests.xctest; sourceTree = BUILT_PRODUCTS_DIR; };
		63F67C79255B8C8B00AA2A61 /* SourceListExampleFromNibTests.swift */ = {isa = PBXFileReference; lastKnownFileType = sourcecode.swift; path = SourceListExampleFromNibTests.swift; sourceTree = "<group>"; };
		63F67C7B255B8C8B00AA2A61 /* Info.plist */ = {isa = PBXFileReference; lastKnownFileType = text.plist.xml; path = Info.plist; sourceTree = "<group>"; };
		63F67C80255B8C8B00AA2A61 /* SourceListExampleFromNibUITests.xctest */ = {isa = PBXFileReference; explicitFileType = wrapper.cfbundle; includeInIndex = 0; path = SourceListExampleFromNibUITests.xctest; sourceTree = BUILT_PRODUCTS_DIR; };
		63F67C84255B8C8B00AA2A61 /* SourceListExampleFromNibUITests.swift */ = {isa = PBXFileReference; lastKnownFileType = sourcecode.swift; path = SourceListExampleFromNibUITests.swift; sourceTree = "<group>"; };
		63F67C86255B8C8B00AA2A61 /* Info.plist */ = {isa = PBXFileReference; lastKnownFileType = text.plist.xml; path = Info.plist; sourceTree = "<group>"; };
/* End PBXFileReference section */

/* Begin PBXFrameworksBuildPhase section */
		63F67C62255B8C8800AA2A61 /* Frameworks */ = {
			isa = PBXFrameworksBuildPhase;
			buildActionMask = 2147483647;
			files = (
			);
			runOnlyForDeploymentPostprocessing = 0;
		};
		63F67C72255B8C8B00AA2A61 /* Frameworks */ = {
			isa = PBXFrameworksBuildPhase;
			buildActionMask = 2147483647;
			files = (
			);
			runOnlyForDeploymentPostprocessing = 0;
		};
		63F67C7D255B8C8B00AA2A61 /* Frameworks */ = {
			isa = PBXFrameworksBuildPhase;
			buildActionMask = 2147483647;
			files = (
			);
			runOnlyForDeploymentPostprocessing = 0;
		};
/* End PBXFrameworksBuildPhase section */

/* Begin PBXGroup section */
		63F67C5C255B8C8800AA2A61 = {
			isa = PBXGroup;
			children = (
				63F67C67255B8C8800AA2A61 /* SourceListExampleFromNib */,
				63F67C78255B8C8B00AA2A61 /* SourceListExampleFromNibTests */,
				63F67C83255B8C8B00AA2A61 /* SourceListExampleFromNibUITests */,
				63F67C66255B8C8800AA2A61 /* Products */,
			);
			sourceTree = "<group>";
		};
		63F67C66255B8C8800AA2A61 /* Products */ = {
			isa = PBXGroup;
			children = (
				63F67C65255B8C8800AA2A61 /* SourceListExampleFromNib.app */,
				63F67C75255B8C8B00AA2A61 /* SourceListExampleFromNibTests.xctest */,
				63F67C80255B8C8B00AA2A61 /* SourceListExampleFromNibUITests.xctest */,
			);
			name = Products;
			sourceTree = "<group>";
		};
		63F67C67255B8C8800AA2A61 /* SourceListExampleFromNib */ = {
			isa = PBXGroup;
			children = (
				63F67C68255B8C8800AA2A61 /* AppDelegate.swift */,
				63F67C6A255B8C8B00AA2A61 /* Assets.xcassets */,
				63F67C6C255B8C8B00AA2A61 /* MainMenu.xib */,
				63F67C6F255B8C8B00AA2A61 /* Info.plist */,
				63F67C70255B8C8B00AA2A61 /* SourceListExampleFromNib.entitlements */,
			);
			path = SourceListExampleFromNib;
			sourceTree = "<group>";
		};
		63F67C78255B8C8B00AA2A61 /* SourceListExampleFromNibTests */ = {
			isa = PBXGroup;
			children = (
				63F67C79255B8C8B00AA2A61 /* SourceListExampleFromNibTests.swift */,
				63F67C7B255B8C8B00AA2A61 /* Info.plist */,
			);
			path = SourceListExampleFromNibTests;
			sourceTree = "<group>";
		};
		63F67C83255B8C8B00AA2A61 /* SourceListExampleFromNibUITests */ = {
			isa = PBXGroup;
			children = (
				63F67C84255B8C8B00AA2A61 /* SourceListExampleFromNibUITests.swift */,
				63F67C86255B8C8B00AA2A61 /* Info.plist */,
			);
			path = SourceListExampleFromNibUITests;
			sourceTree = "<group>";
		};
/* End PBXGroup section */

/* Begin PBXNativeTarget section */
		63F67C64255B8C8800AA2A61 /* SourceListExampleFromNib */ = {
			isa = PBXNativeTarget;
			buildConfigurationList = 63F67C89255B8C8B00AA2A61 /* Build configuration list for PBXNativeTarget "SourceListExampleFromNib" */;
			buildPhases = (
				63F67C61255B8C8800AA2A61 /* Sources */,
				63F67C62255B8C8800AA2A61 /* Frameworks */,
				63F67C63255B8C8800AA2A61 /* Resources */,
			);
			buildRules = (
			);
			dependencies = (
			);
			name = SourceListExampleFromNib;
			productName = SourceListExampleFromNib;
			productReference = 63F67C65255B8C8800AA2A61 /* SourceListExampleFromNib.app */;
			productType = "com.apple.product-type.application";
		};
		63F67C74255B8C8B00AA2A61 /* SourceListExampleFromNibTests */ = {
			isa = PBXNativeTarget;
			buildConfigurationList = 63F67C8C255B8C8B00AA2A61 /* Build configuration list for PBXNativeTarget "SourceListExampleFromNibTests" */;
			buildPhases = (
				63F67C71255B8C8B00AA2A61 /* Sources */,
				63F67C72255B8C8B00AA2A61 /* Frameworks */,
				63F67C73255B8C8B00AA2A61 /* Resources */,
			);
			buildRules = (
			);
			dependencies = (
				63F67C77255B8C8B00AA2A61 /* PBXTargetDependency */,
			);
			name = SourceListExampleFromNibTests;
			productName = SourceListExampleFromNibTests;
			productReference = 63F67C75255B8C8B00AA2A61 /* SourceListExampleFromNibTests.xctest */;
			productType = "com.apple.product-type.bundle.unit-test";
		};
		63F67C7F255B8C8B00AA2A61 /* SourceListExampleFromNibUITests */ = {
			isa = PBXNativeTarget;
			buildConfigurationList = 63F67C8F255B8C8B00AA2A61 /* Build configuration list for PBXNativeTarget "SourceListExampleFromNibUITests" */;
			buildPhases = (
				63F67C7C255B8C8B00AA2A61 /* Sources */,
				63F67C7D255B8C8B00AA2A61 /* Frameworks */,
				63F67C7E255B8C8B00AA2A61 /* Resources */,
			);
			buildRules = (
			);
			dependencies = (
				63F67C82255B8C8B00AA2A61 /* PBXTargetDependency */,
			);
			name = SourceListExampleFromNibUITests;
			productName = SourceListExampleFromNibUITests;
			productReference = 63F67C80255B8C8B00AA2A61 /* SourceListExampleFromNibUITests.xctest */;
			productType = "com.apple.product-type.bundle.ui-testing";
		};
/* End PBXNativeTarget section */

/* Begin PBXProject section */
		63F67C5D255B8C8800AA2A61 /* Project object */ = {
			isa = PBXProject;
			attributes = {
				LastSwiftUpdateCheck = 1210;
				LastUpgradeCheck = 1210;
				TargetAttributes = {
					63F67C64255B8C8800AA2A61 = {
						CreatedOnToolsVersion = 12.1;
					};
					63F67C74255B8C8B00AA2A61 = {
						CreatedOnToolsVersion = 12.1;
						TestTargetID = 63F67C64255B8C8800AA2A61;
					};
					63F67C7F255B8C8B00AA2A61 = {
						CreatedOnToolsVersion = 12.1;
						TestTargetID = 63F67C64255B8C8800AA2A61;
					};
				};
			};
			buildConfigurationList = 63F67C60255B8C8800AA2A61 /* Build configuration list for PBXProject "SourceListExampleFromNib" */;
			compatibilityVersion = "Xcode 9.3";
			developmentRegion = en;
			hasScannedForEncodings = 0;
			knownRegions = (
				en,
				Base,
			);
			mainGroup = 63F67C5C255B8C8800AA2A61;
			productRefGroup = 63F67C66255B8C8800AA2A61 /* Products */;
			projectDirPath = "";
			projectRoot = "";
			targets = (
				63F67C64255B8C8800AA2A61 /* SourceListExampleFromNib */,
				63F67C74255B8C8B00AA2A61 /* SourceListExampleFromNibTests */,
				63F67C7F255B8C8B00AA2A61 /* SourceListExampleFromNibUITests */,
			);
		};
/* End PBXProject section */

/* Begin PBXResourcesBuildPhase section */
		63F67C63255B8C8800AA2A61 /* Resources */ = {
			isa = PBXResourcesBuildPhase;
			buildActionMask = 2147483647;
			files = (
				63F67C6B255B8C8B00AA2A61 /* Assets.xcassets in Resources */,
				63F67C6E255B8C8B00AA2A61 /* MainMenu.xib in Resources */,
			);
			runOnlyForDeploymentPostprocessing = 0;
		};
		63F67C73255B8C8B00AA2A61 /* Resources */ = {
			isa = PBXResourcesBuildPhase;
			buildActionMask = 2147483647;
			files = (
			);
			runOnlyForDeploymentPostprocessing = 0;
		};
		63F67C7E255B8C8B00AA2A61 /* Resources */ = {
			isa = PBXResourcesBuildPhase;
			buildActionMask = 2147483647;
			files = (
			);
			runOnlyForDeploymentPostprocessing = 0;
		};
/* End PBXResourcesBuildPhase section */

/* Begin PBXSourcesBuildPhase section */
		63F67C61255B8C8800AA2A61 /* Sources */ = {
			isa = PBXSourcesBuildPhase;
			buildActionMask = 2147483647;
			files = (
				63F67C69255B8C8800AA2A61 /* AppDelegate.swift in Sources */,
			);
			runOnlyForDeploymentPostprocessing = 0;
		};
		63F67C71255B8C8B00AA2A61 /* Sources */ = {
			isa = PBXSourcesBuildPhase;
			buildActionMask = 2147483647;
			files = (
				63F67C7A255B8C8B00AA2A61 /* SourceListExampleFromNibTests.swift in Sources */,
			);
			runOnlyForDeploymentPostprocessing = 0;
		};
		63F67C7C255B8C8B00AA2A61 /* Sources */ = {
			isa = PBXSourcesBuildPhase;
			buildActionMask = 2147483647;
			files = (
				63F67C85255B8C8B00AA2A61 /* SourceListExampleFromNibUITests.swift in Sources */,
			);
			runOnlyForDeploymentPostprocessing = 0;
		};
/* End PBXSourcesBuildPhase section */

/* Begin PBXTargetDependency section */
		63F67C77255B8C8B00AA2A61 /* PBXTargetDependency */ = {
			isa = PBXTargetDependency;
			target = 63F67C64255B8C8800AA2A61 /* SourceListExampleFromNib */;
			targetProxy = 63F67C76255B8C8B00AA2A61 /* PBXContainerItemProxy */;
		};
		63F67C82255B8C8B00AA2A61 /* PBXTargetDependency */ = {
			isa = PBXTargetDependency;
			target = 63F67C64255B8C8800AA2A61 /* SourceListExampleFromNib */;
			targetProxy = 63F67C81255B8C8B00AA2A61 /* PBXContainerItemProxy */;
		};
/* End PBXTargetDependency section */

/* Begin PBXVariantGroup section */
		63F67C6C255B8C8B00AA2A61 /* MainMenu.xib */ = {
			isa = PBXVariantGroup;
			children = (
				63F67C6D255B8C8B00AA2A61 /* Base */,
			);
			name = MainMenu.xib;
			sourceTree = "<group>";
		};
/* End PBXVariantGroup section */

/* Begin XCBuildConfiguration section */
		63F67C87255B8C8B00AA2A61 /* Debug */ = {
			isa = XCBuildConfiguration;
			buildSettings = {
				ALWAYS_SEARCH_USER_PATHS = NO;
				CLANG_ANALYZER_NONNULL = YES;
				CLANG_ANALYZER_NUMBER_OBJECT_CONVERSION = YES_AGGRESSIVE;
				CLANG_CXX_LANGUAGE_STANDARD = "gnu++14";
				CLANG_CXX_LIBRARY = "libc++";
				CLANG_ENABLE_MODULES = YES;
				CLANG_ENABLE_OBJC_ARC = YES;
				CLANG_ENABLE_OBJC_WEAK = YES;
				CLANG_WARN_BLOCK_CAPTURE_AUTORELEASING = YES;
				CLANG_WARN_BOOL_CONVERSION = YES;
				CLANG_WARN_COMMA = YES;
				CLANG_WARN_CONSTANT_CONVERSION = YES;
				CLANG_WARN_DEPRECATED_OBJC_IMPLEMENTATIONS = YES;
				CLANG_WARN_DIRECT_OBJC_ISA_USAGE = YES_ERROR;
				CLANG_WARN_DOCUMENTATION_COMMENTS = YES;
				CLANG_WARN_EMPTY_BODY = YES;
				CLANG_WARN_ENUM_CONVERSION = YES;
				CLANG_WARN_INFINITE_RECURSION = YES;
				CLANG_WARN_INT_CONVERSION = YES;
				CLANG_WARN_NON_LITERAL_NULL_CONVERSION = YES;
				CLANG_WARN_OBJC_IMPLICIT_RETAIN_SELF = YES;
				CLANG_WARN_OBJC_LITERAL_CONVERSION = YES;
				CLANG_WARN_OBJC_ROOT_CLASS = YES_ERROR;
				CLANG_WARN_QUOTED_INCLUDE_IN_FRAMEWORK_HEADER = YES;
				CLANG_WARN_RANGE_LOOP_ANALYSIS = YES;
				CLANG_WARN_STRICT_PROTOTYPES = YES;
				CLANG_WARN_SUSPICIOUS_MOVE = YES;
				CLANG_WARN_UNGUARDED_AVAILABILITY = YES_AGGRESSIVE;
				CLANG_WARN_UNREACHABLE_CODE = YES;
				CLANG_WARN__DUPLICATE_METHOD_MATCH = YES;
				COPY_PHASE_STRIP = NO;
				DEBUG_INFORMATION_FORMAT = dwarf;
				ENABLE_STRICT_OBJC_MSGSEND = YES;
				ENABLE_TESTABILITY = YES;
				GCC_C_LANGUAGE_STANDARD = gnu11;
				GCC_DYNAMIC_NO_PIC = NO;
				GCC_NO_COMMON_BLOCKS = YES;
				GCC_OPTIMIZATION_LEVEL = 0;
				GCC_PREPROCESSOR_DEFINITIONS = (
					"DEBUG=1",
					"$(inherited)",
				);
				GCC_WARN_64_TO_32_BIT_CONVERSION = YES;
				GCC_WARN_ABOUT_RETURN_TYPE = YES_ERROR;
				GCC_WARN_UNDECLARED_SELECTOR = YES;
				GCC_WARN_UNINITIALIZED_AUTOS = YES_AGGRESSIVE;
				GCC_WARN_UNUSED_FUNCTION = YES;
				GCC_WARN_UNUSED_VARIABLE = YES;
				MACOSX_DEPLOYMENT_TARGET = 10.15;
				MTL_ENABLE_DEBUG_INFO = INCLUDE_SOURCE;
				MTL_FAST_MATH = YES;
				ONLY_ACTIVE_ARCH = YES;
				SDKROOT = macosx;
				SWIFT_ACTIVE_COMPILATION_CONDITIONS = DEBUG;
				SWIFT_OPTIMIZATION_LEVEL = "-Onone";
			};
			name = Debug;
		};
		63F67C88255B8C8B00AA2A61 /* Release */ = {
			isa = XCBuildConfiguration;
			buildSettings = {
				ALWAYS_SEARCH_USER_PATHS = NO;
				CLANG_ANALYZER_NONNULL = YES;
				CLANG_ANALYZER_NUMBER_OBJECT_CONVERSION = YES_AGGRESSIVE;
				CLANG_CXX_LANGUAGE_STANDARD = "gnu++14";
				CLANG_CXX_LIBRARY = "libc++";
				CLANG_ENABLE_MODULES = YES;
				CLANG_ENABLE_OBJC_ARC = YES;
				CLANG_ENABLE_OBJC_WEAK = YES;
				CLANG_WARN_BLOCK_CAPTURE_AUTORELEASING = YES;
				CLANG_WARN_BOOL_CONVERSION = YES;
				CLANG_WARN_COMMA = YES;
				CLANG_WARN_CONSTANT_CONVERSION = YES;
				CLANG_WARN_DEPRECATED_OBJC_IMPLEMENTATIONS = YES;
				CLANG_WARN_DIRECT_OBJC_ISA_USAGE = YES_ERROR;
				CLANG_WARN_DOCUMENTATION_COMMENTS = YES;
				CLANG_WARN_EMPTY_BODY = YES;
				CLANG_WARN_ENUM_CONVERSION = YES;
				CLANG_WARN_INFINITE_RECURSION = YES;
				CLANG_WARN_INT_CONVERSION = YES;
				CLANG_WARN_NON_LITERAL_NULL_CONVERSION = YES;
				CLANG_WARN_OBJC_IMPLICIT_RETAIN_SELF = YES;
				CLANG_WARN_OBJC_LITERAL_CONVERSION = YES;
				CLANG_WARN_OBJC_ROOT_CLASS = YES_ERROR;
				CLANG_WARN_QUOTED_INCLUDE_IN_FRAMEWORK_HEADER = YES;
				CLANG_WARN_RANGE_LOOP_ANALYSIS = YES;
				CLANG_WARN_STRICT_PROTOTYPES = YES;
				CLANG_WARN_SUSPICIOUS_MOVE = YES;
				CLANG_WARN_UNGUARDED_AVAILABILITY = YES_AGGRESSIVE;
				CLANG_WARN_UNREACHABLE_CODE = YES;
				CLANG_WARN__DUPLICATE_METHOD_MATCH = YES;
				COPY_PHASE_STRIP = NO;
				DEBUG_INFORMATION_FORMAT = "dwarf-with-dsym";
				ENABLE_NS_ASSERTIONS = NO;
				ENABLE_STRICT_OBJC_MSGSEND = YES;
				GCC_C_LANGUAGE_STANDARD = gnu11;
				GCC_NO_COMMON_BLOCKS = YES;
				GCC_WARN_64_TO_32_BIT_CONVERSION = YES;
				GCC_WARN_ABOUT_RETURN_TYPE = YES_ERROR;
				GCC_WARN_UNDECLARED_SELECTOR = YES;
				GCC_WARN_UNINITIALIZED_AUTOS = YES_AGGRESSIVE;
				GCC_WARN_UNUSED_FUNCTION = YES;
				GCC_WARN_UNUSED_VARIABLE = YES;
				MACOSX_DEPLOYMENT_TARGET = 10.15;
				MTL_ENABLE_DEBUG_INFO = NO;
				MTL_FAST_MATH = YES;
				SDKROOT = macosx;
				SWIFT_COMPILATION_MODE = wholemodule;
				SWIFT_OPTIMIZATION_LEVEL = "-O";
			};
			name = Release;
		};
		63F67C8A255B8C8B00AA2A61 /* Debug */ = {
			isa = XCBuildConfiguration;
			buildSettings = {
				ASSETCATALOG_COMPILER_APPICON_NAME = AppIcon;
				ASSETCATALOG_COMPILER_GLOBAL_ACCENT_COLOR_NAME = AccentColor;
				CODE_SIGN_ENTITLEMENTS = SourceListExampleFromNib/SourceListExampleFromNib.entitlements;
				CODE_SIGN_STYLE = Automatic;
				COMBINE_HIDPI_IMAGES = YES;
				INFOPLIST_FILE = SourceListExampleFromNib/Info.plist;
				LD_RUNPATH_SEARCH_PATHS = (
					"$(inherited)",
					"@executable_path/../Frameworks",
				);
				PRODUCT_BUNDLE_IDENTIFIER = is.dave.SourceListExampleFromNib;
				PRODUCT_NAME = "$(TARGET_NAME)";
				SWIFT_VERSION = 5.0;
			};
			name = Debug;
		};
		63F67C8B255B8C8B00AA2A61 /* Release */ = {
			isa = XCBuildConfiguration;
			buildSettings = {
				ASSETCATALOG_COMPILER_APPICON_NAME = AppIcon;
				ASSETCATALOG_COMPILER_GLOBAL_ACCENT_COLOR_NAME = AccentColor;
				CODE_SIGN_ENTITLEMENTS = SourceListExampleFromNib/SourceListExampleFromNib.entitlements;
				CODE_SIGN_STYLE = Automatic;
				COMBINE_HIDPI_IMAGES = YES;
				INFOPLIST_FILE = SourceListExampleFromNib/Info.plist;
				LD_RUNPATH_SEARCH_PATHS = (
					"$(inherited)",
					"@executable_path/../Frameworks",
				);
				PRODUCT_BUNDLE_IDENTIFIER = is.dave.SourceListExampleFromNib;
				PRODUCT_NAME = "$(TARGET_NAME)";
				SWIFT_VERSION = 5.0;
			};
			name = Release;
		};
		63F67C8D255B8C8B00AA2A61 /* Debug */ = {
			isa = XCBuildConfiguration;
			buildSettings = {
				ALWAYS_EMBED_SWIFT_STANDARD_LIBRARIES = YES;
				BUNDLE_LOADER = "$(TEST_HOST)";
				CODE_SIGN_STYLE = Automatic;
				COMBINE_HIDPI_IMAGES = YES;
				INFOPLIST_FILE = SourceListExampleFromNibTests/Info.plist;
				LD_RUNPATH_SEARCH_PATHS = (
					"$(inherited)",
					"@executable_path/../Frameworks",
					"@loader_path/../Frameworks",
				);
				MACOSX_DEPLOYMENT_TARGET = 10.15;
				PRODUCT_BUNDLE_IDENTIFIER = is.dave.SourceListExampleFromNibTests;
				PRODUCT_NAME = "$(TARGET_NAME)";
				SWIFT_VERSION = 5.0;
				TEST_HOST = "$(BUILT_PRODUCTS_DIR)/SourceListExampleFromNib.app/Contents/MacOS/SourceListExampleFromNib";
			};
			name = Debug;
		};
		63F67C8E255B8C8B00AA2A61 /* Release */ = {
			isa = XCBuildConfiguration;
			buildSettings = {
				ALWAYS_EMBED_SWIFT_STANDARD_LIBRARIES = YES;
				BUNDLE_LOADER = "$(TEST_HOST)";
				CODE_SIGN_STYLE = Automatic;
				COMBINE_HIDPI_IMAGES = YES;
				INFOPLIST_FILE = SourceListExampleFromNibTests/Info.plist;
				LD_RUNPATH_SEARCH_PATHS = (
					"$(inherited)",
					"@executable_path/../Frameworks",
					"@loader_path/../Frameworks",
				);
				MACOSX_DEPLOYMENT_TARGET = 10.15;
				PRODUCT_BUNDLE_IDENTIFIER = is.dave.SourceListExampleFromNibTests;
				PRODUCT_NAME = "$(TARGET_NAME)";
				SWIFT_VERSION = 5.0;
				TEST_HOST = "$(BUILT_PRODUCTS_DIR)/SourceListExampleFromNib.app/Contents/MacOS/SourceListExampleFromNib";
			};
			name = Release;
		};
		63F67C90255B8C8B00AA2A61 /* Debug */ = {
			isa = XCBuildConfiguration;
			buildSettings = {
				ALWAYS_EMBED_SWIFT_STANDARD_LIBRARIES = YES;
				CODE_SIGN_STYLE = Automatic;
				COMBINE_HIDPI_IMAGES = YES;
				INFOPLIST_FILE = SourceListExampleFromNibUITests/Info.plist;
				LD_RUNPATH_SEARCH_PATHS = (
					"$(inherited)",
					"@executable_path/../Frameworks",
					"@loader_path/../Frameworks",
				);
				PRODUCT_BUNDLE_IDENTIFIER = is.dave.SourceListExampleFromNibUITests;
				PRODUCT_NAME = "$(TARGET_NAME)";
				SWIFT_VERSION = 5.0;
				TEST_TARGET_NAME = SourceListExampleFromNib;
			};
			name = Debug;
		};
		63F67C91255B8C8B00AA2A61 /* Release */ = {
			isa = XCBuildConfiguration;
			buildSettings = {
				ALWAYS_EMBED_SWIFT_STANDARD_LIBRARIES = YES;
				CODE_SIGN_STYLE = Automatic;
				COMBINE_HIDPI_IMAGES = YES;
				INFOPLIST_FILE = SourceListExampleFromNibUITests/Info.plist;
				LD_RUNPATH_SEARCH_PATHS = (
					"$(inherited)",
					"@executable_path/../Frameworks",
					"@loader_path/../Frameworks",
				);
				PRODUCT_BUNDLE_IDENTIFIER = is.dave.SourceListExampleFromNibUITests;
				PRODUCT_NAME = "$(TARGET_NAME)";
				SWIFT_VERSION = 5.0;
				TEST_TARGET_NAME = SourceListExampleFromNib;
			};
			name = Release;
		};
/* End XCBuildConfiguration section */

/* Begin XCConfigurationList section */
		63F67C60255B8C8800AA2A61 /* Build configuration list for PBXProject "SourceListExampleFromNib" */ = {
			isa = XCConfigurationList;
			buildConfigurations = (
				63F67C87255B8C8B00AA2A61 /* Debug */,
				63F67C88255B8C8B00AA2A61 /* Release */,
			);
			defaultConfigurationIsVisible = 0;
			defaultConfigurationName = Release;
		};
		63F67C89255B8C8B00AA2A61 /* Build configuration list for PBXNativeTarget "SourceListExampleFromNib" */ = {
			isa = XCConfigurationList;
			buildConfigurations = (
				63F67C8A255B8C8B00AA2A61 /* Debug */,
				63F67C8B255B8C8B00AA2A61 /* Release */,
			);
			defaultConfigurationIsVisible = 0;
			defaultConfigurationName = Release;
		};
		63F67C8C255B8C8B00AA2A61 /* Build configuration list for PBXNativeTarget "SourceListExampleFromNibTests" */ = {
			isa = XCConfigurationList;
			buildConfigurations = (
				63F67C8D255B8C8B00AA2A61 /* Debug */,
				63F67C8E255B8C8B00AA2A61 /* Release */,
			);
			defaultConfigurationIsVisible = 0;
			defaultConfigurationName = Release;
		};
		63F67C8F255B8C8B00AA2A61 /* Build configuration list for PBXNativeTarget "SourceListExampleFromNibUITests" */ = {
			isa = XCConfigurationList;
			buildConfigurations = (
				63F67C90255B8C8B00AA2A61 /* Debug */,
				63F67C91255B8C8B00AA2A61 /* Release */,
			);
			defaultConfigurationIsVisible = 0;
			defaultConfigurationName = Release;
		};
/* End XCConfigurationList section */
	};
	rootObject = 63F67C5D255B8C8800AA2A61 /* Project object */;
}
